
Microsoft Visual Studio Solution File, Format Version 12.00
# Visual Studio Version 17
VisualStudioVersion = 17.5.33530.505
MinimumVisualStudioVersion = 10.0.40219.1
Project("{9A19103F-16F7-4668-BE54-9A1E7A4F7556}") = "TestApp", "TestApp.csproj", "{853B2EAE-A924-43BE-AA8F-3D6125FB0284}"
EndProject
Project("{FAE04EC0-301F-11D3-BF4B-00C04F79EFBC}") = "MyTestProject", "..\MyTestProject\MyTestProject.csproj", "{08B61043-B847-4F82-A2EF-F506D57FDFFF}"
EndProject
Global
	GlobalSection(SolutionConfigurationPlatforms) = preSolution
		Debug|Any CPU = Debug|Any CPU
		Release|Any CPU = Release|Any CPU
	EndGlobalSection
	GlobalSection(ProjectConfigurationPlatforms) = postSolution
		{853B2EAE-A924-43BE-AA8F-3D6125FB0284}.Debug|Any CPU.ActiveCfg = Debug|Any CPU
		{853B2EAE-A924-43BE-AA8F-3D6125FB0284}.Debug|Any CPU.Build.0 = Debug|Any CPU
		{853B2EAE-A924-43BE-AA8F-3D6125FB0284}.Release|Any CPU.ActiveCfg = Release|Any CPU
		{853B2EAE-A924-43BE-AA8F-3D6125FB0284}.Release|Any CPU.Build.0 = Release|Any CPU
		{08B61043-B847-4F82-A2EF-F506D57FDFFF}.Debug|Any CPU.ActiveCfg = Debug|Any CPU
		{08B61043-B847-4F82-A2EF-F506D57FDFFF}.Debug|Any CPU.Build.0 = Debug|Any CPU
		{08B61043-B847-4F82-A2EF-F506D57FDFFF}.Release|Any CPU.ActiveCfg = Release|Any CPU
		{08B61043-B847-4F82-A2EF-F506D57FDFFF}.Release|Any CPU.Build.0 = Release|Any CPU
	EndGlobalSection
	GlobalSection(SolutionProperties) = preSolution
		HideSolutionNode = FALSE
	EndGlobalSection
	GlobalSection(ExtensibilityGlobals) = postSolution
		SolutionGuid = {66E47429-1412-4771-B860-68833D1E8BE8}
	EndGlobalSection
EndGlobal
